
Microsoft Visual Studio Solution File, Format Version 12.00
# Visual Studio Version 17
VisualStudioVersion = 17.0.32126.317
MinimumVisualStudioVersion = 10.0.40219.1
Project("{FAE04EC0-301F-11D3-BF4B-00C04F79EFBC}") = "ELIXIR PHARMACY", "ELIXIR PHARMACY\ELIXIR PHARMACY.csproj", "{4C5415F9-BEED-49A8-A599-2647152EB9E8}"
EndProject
Global
	GlobalSection(SolutionConfigurationPlatforms) = preSolution
		Debug|Any CPU = Debug|Any CPU
		Release|Any CPU = Release|Any CPU
	EndGlobalSection
	GlobalSection(ProjectConfigurationPlatforms) = postSolution
		{4C5415F9-BEED-49A8-A599-2647152EB9E8}.Debug|Any CPU.ActiveCfg = Debug|Any CPU
		{4C5415F9-BEED-49A8-A599-2647152EB9E8}.Debug|Any CPU.Build.0 = Debug|Any CPU
		{4C5415F9-BEED-49A8-A599-2647152EB9E8}.Release|Any CPU.ActiveCfg = Release|Any CPU
		{4C5415F9-BEED-49A8-A599-2647152EB9E8}.Release|Any CPU.Build.0 = Release|Any CPU
	EndGlobalSection
	GlobalSection(SolutionProperties) = preSolution
		HideSolutionNode = FALSE
	EndGlobalSection
	GlobalSection(ExtensibilityGlobals) = postSolution
		SolutionGuid = {7D9F7C67-4AB2-4626-8FEA-CA73B5311E0B}
	EndGlobalSection
EndGlobal
